
Microsoft Visual Studio Solution File, Format Version 12.00
# Visual Studio Version 16
VisualStudioVersion = 16.0.31025.218
MinimumVisualStudioVersion = 10.0.40219.1
Project("{9A19103F-16F7-4668-BE54-9A1E7A4F7556}") = "webapi", "src\webapi\webapi.csproj", "{1793F390-22FE-4E32-8E2F-367EC01F6DE0}"
EndProject
Project("{9A19103F-16F7-4668-BE54-9A1E7A4F7556}") = "SharedLibrary", "src\SharedLibrary\SharedLibrary.csproj", "{23D64FFB-6162-44F1-879F-503D057BC6E9}"
EndProject
Project("{9A19103F-16F7-4668-BE54-9A1E7A4F7556}") = "SharedLibrary.Tests", "src\SharedLibrary.Tests\SharedLibrary.Tests.csproj", "{D12BDE25-F70E-4FB3-94CD-663164D08ECF}"
EndProject
Project("{9A19103F-16F7-4668-BE54-9A1E7A4F7556}") = "clientapp1", "src\clientapp1\clientapp1.csproj", "{9329C5A1-FEB9-4D72-B09D-656DF21D3F7D}"
EndProject
Project("{9A19103F-16F7-4668-BE54-9A1E7A4F7556}") = "clientapp2", "src\clientapp2\clientapp2.csproj", "{392EA070-577C-4C13-8410-C314722741CE}"
EndProject
Project("{9A19103F-16F7-4668-BE54-9A1E7A4F7556}") = "serverapp", "src\serverapp\serverapp.csproj", "{4C134AF6-FB15-4B5F-860B-5BE3A1E85836}"
EndProject
Project("{9A19103F-16F7-4668-BE54-9A1E7A4F7556}") = "benchmarkapp", "src\benchmarkapp\benchmarkapp.csproj", "{3B29C8E9-56A4-4E47-8D58-123D57A025DB}"
EndProject
Project("{FAE04EC0-301F-11D3-BF4B-00C04F79EFBC}") = "webapp", "src\webapp\webapp.csproj", "{4D3DCE32-9B4B-4DC7-B878-FDB170A252A2}"
EndProject
Global
	GlobalSection(SolutionConfigurationPlatforms) = preSolution
		Debug|Any CPU = Debug|Any CPU
		Release|Any CPU = Release|Any CPU
	EndGlobalSection
	GlobalSection(ProjectConfigurationPlatforms) = postSolution
		{1793F390-22FE-4E32-8E2F-367EC01F6DE0}.Debug|Any CPU.ActiveCfg = Debug|Any CPU
		{1793F390-22FE-4E32-8E2F-367EC01F6DE0}.Debug|Any CPU.Build.0 = Debug|Any CPU
		{1793F390-22FE-4E32-8E2F-367EC01F6DE0}.Release|Any CPU.ActiveCfg = Release|Any CPU
		{1793F390-22FE-4E32-8E2F-367EC01F6DE0}.Release|Any CPU.Build.0 = Release|Any CPU
		{23D64FFB-6162-44F1-879F-503D057BC6E9}.Debug|Any CPU.ActiveCfg = Debug|Any CPU
		{23D64FFB-6162-44F1-879F-503D057BC6E9}.Debug|Any CPU.Build.0 = Debug|Any CPU
		{23D64FFB-6162-44F1-879F-503D057BC6E9}.Release|Any CPU.ActiveCfg = Release|Any CPU
		{23D64FFB-6162-44F1-879F-503D057BC6E9}.Release|Any CPU.Build.0 = Release|Any CPU
		{D12BDE25-F70E-4FB3-94CD-663164D08ECF}.Debug|Any CPU.ActiveCfg = Debug|Any CPU
		{D12BDE25-F70E-4FB3-94CD-663164D08ECF}.Debug|Any CPU.Build.0 = Debug|Any CPU
		{D12BDE25-F70E-4FB3-94CD-663164D08ECF}.Release|Any CPU.ActiveCfg = Release|Any CPU
		{D12BDE25-F70E-4FB3-94CD-663164D08ECF}.Release|Any CPU.Build.0 = Release|Any CPU
		{9329C5A1-FEB9-4D72-B09D-656DF21D3F7D}.Debug|Any CPU.ActiveCfg = Debug|Any CPU
		{9329C5A1-FEB9-4D72-B09D-656DF21D3F7D}.Debug|Any CPU.Build.0 = Debug|Any CPU
		{9329C5A1-FEB9-4D72-B09D-656DF21D3F7D}.Release|Any CPU.ActiveCfg = Release|Any CPU
		{9329C5A1-FEB9-4D72-B09D-656DF21D3F7D}.Release|Any CPU.Build.0 = Release|Any CPU
		{392EA070-577C-4C13-8410-C314722741CE}.Debug|Any CPU.ActiveCfg = Debug|Any CPU
		{392EA070-577C-4C13-8410-C314722741CE}.Debug|Any CPU.Build.0 = Debug|Any CPU
		{392EA070-577C-4C13-8410-C314722741CE}.Release|Any CPU.ActiveCfg = Release|Any CPU
		{392EA070-577C-4C13-8410-C314722741CE}.Release|Any CPU.Build.0 = Release|Any CPU
		{4C134AF6-FB15-4B5F-860B-5BE3A1E85836}.Debug|Any CPU.ActiveCfg = Debug|Any CPU
		{4C134AF6-FB15-4B5F-860B-5BE3A1E85836}.Debug|Any CPU.Build.0 = Debug|Any CPU
		{4C134AF6-FB15-4B5F-860B-5BE3A1E85836}.Release|Any CPU.ActiveCfg = Release|Any CPU
		{4C134AF6-FB15-4B5F-860B-5BE3A1E85836}.Release|Any CPU.Build.0 = Release|Any CPU
		{3B29C8E9-56A4-4E47-8D58-123D57A025DB}.Debug|Any CPU.ActiveCfg = Debug|Any CPU
		{3B29C8E9-56A4-4E47-8D58-123D57A025DB}.Debug|Any CPU.Build.0 = Debug|Any CPU
		{3B29C8E9-56A4-4E47-8D58-123D57A025DB}.Release|Any CPU.ActiveCfg = Release|Any CPU
		{3B29C8E9-56A4-4E47-8D58-123D57A025DB}.Release|Any CPU.Build.0 = Release|Any CPU
		{4D3DCE32-9B4B-4DC7-B878-FDB170A252A2}.Debug|Any CPU.ActiveCfg = Debug|Any CPU
		{4D3DCE32-9B4B-4DC7-B878-FDB170A252A2}.Debug|Any CPU.Build.0 = Debug|Any CPU
		{4D3DCE32-9B4B-4DC7-B878-FDB170A252A2}.Release|Any CPU.ActiveCfg = Release|Any CPU
		{4D3DCE32-9B4B-4DC7-B878-FDB170A252A2}.Release|Any CPU.Build.0 = Release|Any CPU
	EndGlobalSection
	GlobalSection(SolutionProperties) = preSolution
		HideSolutionNode = FALSE
	EndGlobalSection
	GlobalSection(ExtensibilityGlobals) = postSolution
		SolutionGuid = {F594EE85-380F-48AA-8F7D-F74DABE8897B}
	EndGlobalSection
EndGlobal
